
Microsoft Visual Studio Solution File, Format Version 12.00
# Visual Studio Version 17
VisualStudioVersion = 17.0.31423.177
MinimumVisualStudioVersion = 10.0.40219.1
Project("{9A19103F-16F7-4668-BE54-9A1E7A4F7556}") = "TicTacToe", "src\TicTacToe\TicTacToe.csproj", "{5DA7B9EB-100B-41A2-910F-39FD879AB03E}"
EndProject
Global
	GlobalSection(SolutionConfigurationPlatforms) = preSolution
		Debug|Any CPU = Debug|Any CPU
		Release|Any CPU = Release|Any CPU
	EndGlobalSection
	GlobalSection(ProjectConfigurationPlatforms) = postSolution
		{5DA7B9EB-100B-41A2-910F-39FD879AB03E}.Debug|Any CPU.ActiveCfg = Debug|Any CPU
		{5DA7B9EB-100B-41A2-910F-39FD879AB03E}.Debug|Any CPU.Build.0 = Debug|Any CPU
		{5DA7B9EB-100B-41A2-910F-39FD879AB03E}.Release|Any CPU.ActiveCfg = Release|Any CPU
		{5DA7B9EB-100B-41A2-910F-39FD879AB03E}.Release|Any CPU.Build.0 = Release|Any CPU
	EndGlobalSection
	GlobalSection(SolutionProperties) = preSolution
		HideSolutionNode = FALSE
	EndGlobalSection
	GlobalSection(ExtensibilityGlobals) = postSolution
		SolutionGuid = {BB1CBD3F-57EA-4909-9495-C80D74BDF7CC}
	EndGlobalSection
EndGlobal
